
Microsoft Visual Studio Solution File, Format Version 12.00
# Visual Studio Version 16
VisualStudioVersion = 16.0.29905.134
MinimumVisualStudioVersion = 10.0.40219.1
Project("{FAE04EC0-301F-11D3-BF4B-00C04F79EFBC}") = "TinderForStuff.Server", "Server\TinderForStuff.Server.csproj", "{0D8BFBF3-F4E6-4520-AA78-6A7ECC563D91}"
EndProject
Project("{FAE04EC0-301F-11D3-BF4B-00C04F79EFBC}") = "TinderForStuff.Client", "Client\TinderForStuff.Client.csproj", "{362CA343-4E28-4861-B9CA-2926732A474C}"
EndProject
Project("{FAE04EC0-301F-11D3-BF4B-00C04F79EFBC}") = "TinderForStuff.Shared", "Shared\TinderForStuff.Shared.csproj", "{A9F770E8-6811-4264-B42A-5DDAD028C410}"
EndProject
Global
	GlobalSection(SolutionConfigurationPlatforms) = preSolution
		Debug|Any CPU = Debug|Any CPU
		Release|Any CPU = Release|Any CPU
	EndGlobalSection
	GlobalSection(ProjectConfigurationPlatforms) = postSolution
		{0D8BFBF3-F4E6-4520-AA78-6A7ECC563D91}.Debug|Any CPU.ActiveCfg = Debug|Any CPU
		{0D8BFBF3-F4E6-4520-AA78-6A7ECC563D91}.Debug|Any CPU.Build.0 = Debug|Any CPU
		{0D8BFBF3-F4E6-4520-AA78-6A7ECC563D91}.Release|Any CPU.ActiveCfg = Release|Any CPU
		{0D8BFBF3-F4E6-4520-AA78-6A7ECC563D91}.Release|Any CPU.Build.0 = Release|Any CPU
		{362CA343-4E28-4861-B9CA-2926732A474C}.Debug|Any CPU.ActiveCfg = Debug|Any CPU
		{362CA343-4E28-4861-B9CA-2926732A474C}.Debug|Any CPU.Build.0 = Debug|Any CPU
		{362CA343-4E28-4861-B9CA-2926732A474C}.Release|Any CPU.ActiveCfg = Release|Any CPU
		{362CA343-4E28-4861-B9CA-2926732A474C}.Release|Any CPU.Build.0 = Release|Any CPU
		{A9F770E8-6811-4264-B42A-5DDAD028C410}.Debug|Any CPU.ActiveCfg = Debug|Any CPU
		{A9F770E8-6811-4264-B42A-5DDAD028C410}.Debug|Any CPU.Build.0 = Debug|Any CPU
		{A9F770E8-6811-4264-B42A-5DDAD028C410}.Release|Any CPU.ActiveCfg = Release|Any CPU
		{A9F770E8-6811-4264-B42A-5DDAD028C410}.Release|Any CPU.Build.0 = Release|Any CPU
	EndGlobalSection
	GlobalSection(SolutionProperties) = preSolution
		HideSolutionNode = FALSE
	EndGlobalSection
	GlobalSection(ExtensibilityGlobals) = postSolution
		SolutionGuid = {86C1D10F-EC3D-4722-A2C6-8B4F7D93C257}
	EndGlobalSection
EndGlobal
